
Microsoft Visual Studio Solution File, Format Version 12.00
# Visual Studio 15
VisualStudioVersion = 15.0.28307.136
MinimumVisualStudioVersion = 10.0.40219.1
Project("{9A19103F-16F7-4668-BE54-9A1E7A4F7556}") = "Phonebook.API", "Phonebook.API\Phonebook.API.csproj", "{FF6B1240-86B3-4629-977C-9B33D7E48186}"
EndProject
Project("{9A19103F-16F7-4668-BE54-9A1E7A4F7556}") = "Phonebook.Core", "Phonebook.Core\Phonebook.Core.csproj", "{27939C85-95B1-46E9-813D-544C00C29CD4}"
EndProject
Project("{FAE04EC0-301F-11D3-BF4B-00C04F79EFBC}") = "Phonebook.Droid", "Phonebook.Droid\Phonebook.Droid.csproj", "{3BC0AC7E-3B3B-4D3F-9CC0-B2BDECC460A6}"
EndProject
Project("{FAE04EC0-301F-11D3-BF4B-00C04F79EFBC}") = "Phonebook.iOS", "Phonebook.iOS\Phonebook.iOS.csproj", "{101E3060-8799-4119-8A7A-4F86A01C0C84}"
EndProject
Global
	GlobalSection(SolutionConfigurationPlatforms) = preSolution
		Debug|Any CPU = Debug|Any CPU
		Debug|iPhone = Debug|iPhone
		Debug|iPhoneSimulator = Debug|iPhoneSimulator
		Release|Any CPU = Release|Any CPU
		Release|iPhone = Release|iPhone
		Release|iPhoneSimulator = Release|iPhoneSimulator
	EndGlobalSection
	GlobalSection(ProjectConfigurationPlatforms) = postSolution
		{FF6B1240-86B3-4629-977C-9B33D7E48186}.Debug|Any CPU.ActiveCfg = Debug|Any CPU
		{FF6B1240-86B3-4629-977C-9B33D7E48186}.Debug|Any CPU.Build.0 = Debug|Any CPU
		{FF6B1240-86B3-4629-977C-9B33D7E48186}.Debug|iPhone.ActiveCfg = Debug|Any CPU
		{FF6B1240-86B3-4629-977C-9B33D7E48186}.Debug|iPhone.Build.0 = Debug|Any CPU
		{FF6B1240-86B3-4629-977C-9B33D7E48186}.Debug|iPhoneSimulator.ActiveCfg = Debug|Any CPU
		{FF6B1240-86B3-4629-977C-9B33D7E48186}.Debug|iPhoneSimulator.Build.0 = Debug|Any CPU
		{FF6B1240-86B3-4629-977C-9B33D7E48186}.Release|Any CPU.ActiveCfg = Release|Any CPU
		{FF6B1240-86B3-4629-977C-9B33D7E48186}.Release|Any CPU.Build.0 = Release|Any CPU
		{FF6B1240-86B3-4629-977C-9B33D7E48186}.Release|iPhone.ActiveCfg = Release|Any CPU
		{FF6B1240-86B3-4629-977C-9B33D7E48186}.Release|iPhone.Build.0 = Release|Any CPU
		{FF6B1240-86B3-4629-977C-9B33D7E48186}.Release|iPhoneSimulator.ActiveCfg = Release|Any CPU
		{FF6B1240-86B3-4629-977C-9B33D7E48186}.Release|iPhoneSimulator.Build.0 = Release|Any CPU
		{27939C85-95B1-46E9-813D-544C00C29CD4}.Debug|Any CPU.ActiveCfg = Debug|Any CPU
		{27939C85-95B1-46E9-813D-544C00C29CD4}.Debug|Any CPU.Build.0 = Debug|Any CPU
		{27939C85-95B1-46E9-813D-544C00C29CD4}.Debug|iPhone.ActiveCfg = Debug|Any CPU
		{27939C85-95B1-46E9-813D-544C00C29CD4}.Debug|iPhone.Build.0 = Debug|Any CPU
		{27939C85-95B1-46E9-813D-544C00C29CD4}.Debug|iPhoneSimulator.ActiveCfg = Debug|Any CPU
		{27939C85-95B1-46E9-813D-544C00C29CD4}.Debug|iPhoneSimulator.Build.0 = Debug|Any CPU
		{27939C85-95B1-46E9-813D-544C00C29CD4}.Release|Any CPU.ActiveCfg = Release|Any CPU
		{27939C85-95B1-46E9-813D-544C00C29CD4}.Release|Any CPU.Build.0 = Release|Any CPU
		{27939C85-95B1-46E9-813D-544C00C29CD4}.Release|iPhone.ActiveCfg = Release|Any CPU
		{27939C85-95B1-46E9-813D-544C00C29CD4}.Release|iPhone.Build.0 = Release|Any CPU
		{27939C85-95B1-46E9-813D-544C00C29CD4}.Release|iPhoneSimulator.ActiveCfg = Release|Any CPU
		{27939C85-95B1-46E9-813D-544C00C29CD4}.Release|iPhoneSimulator.Build.0 = Release|Any CPU
		{3BC0AC7E-3B3B-4D3F-9CC0-B2BDECC460A6}.Debug|Any CPU.ActiveCfg = Debug|Any CPU
		{3BC0AC7E-3B3B-4D3F-9CC0-B2BDECC460A6}.Debug|Any CPU.Build.0 = Debug|Any CPU
		{3BC0AC7E-3B3B-4D3F-9CC0-B2BDECC460A6}.Debug|Any CPU.Deploy.0 = Debug|Any CPU
		{3BC0AC7E-3B3B-4D3F-9CC0-B2BDECC460A6}.Debug|iPhone.ActiveCfg = Debug|Any CPU
		{3BC0AC7E-3B3B-4D3F-9CC0-B2BDECC460A6}.Debug|iPhone.Build.0 = Debug|Any CPU
		{3BC0AC7E-3B3B-4D3F-9CC0-B2BDECC460A6}.Debug|iPhone.Deploy.0 = Debug|Any CPU
		{3BC0AC7E-3B3B-4D3F-9CC0-B2BDECC460A6}.Debug|iPhoneSimulator.ActiveCfg = Debug|Any CPU
		{3BC0AC7E-3B3B-4D3F-9CC0-B2BDECC460A6}.Debug|iPhoneSimulator.Build.0 = Debug|Any CPU
		{3BC0AC7E-3B3B-4D3F-9CC0-B2BDECC460A6}.Debug|iPhoneSimulator.Deploy.0 = Debug|Any CPU
		{3BC0AC7E-3B3B-4D3F-9CC0-B2BDECC460A6}.Release|Any CPU.ActiveCfg = Release|Any CPU
		{3BC0AC7E-3B3B-4D3F-9CC0-B2BDECC460A6}.Release|Any CPU.Build.0 = Release|Any CPU
		{3BC0AC7E-3B3B-4D3F-9CC0-B2BDECC460A6}.Release|Any CPU.Deploy.0 = Release|Any CPU
		{3BC0AC7E-3B3B-4D3F-9CC0-B2BDECC460A6}.Release|iPhone.ActiveCfg = Release|Any CPU
		{3BC0AC7E-3B3B-4D3F-9CC0-B2BDECC460A6}.Release|iPhone.Build.0 = Release|Any CPU
		{3BC0AC7E-3B3B-4D3F-9CC0-B2BDECC460A6}.Release|iPhone.Deploy.0 = Release|Any CPU
		{3BC0AC7E-3B3B-4D3F-9CC0-B2BDECC460A6}.Release|iPhoneSimulator.ActiveCfg = Release|Any CPU
		{3BC0AC7E-3B3B-4D3F-9CC0-B2BDECC460A6}.Release|iPhoneSimulator.Build.0 = Release|Any CPU
		{3BC0AC7E-3B3B-4D3F-9CC0-B2BDECC460A6}.Release|iPhoneSimulator.Deploy.0 = Release|Any CPU
		{101E3060-8799-4119-8A7A-4F86A01C0C84}.Debug|Any CPU.ActiveCfg = Debug|iPhone
		{101E3060-8799-4119-8A7A-4F86A01C0C84}.Debug|iPhone.ActiveCfg = Debug|iPhone
		{101E3060-8799-4119-8A7A-4F86A01C0C84}.Debug|iPhone.Build.0 = Debug|iPhone
		{101E3060-8799-4119-8A7A-4F86A01C0C84}.Debug|iPhoneSimulator.ActiveCfg = Debug|iPhoneSimulator
		{101E3060-8799-4119-8A7A-4F86A01C0C84}.Debug|iPhoneSimulator.Build.0 = Debug|iPhoneSimulator
		{101E3060-8799-4119-8A7A-4F86A01C0C84}.Release|Any CPU.ActiveCfg = Release|iPhone
		{101E3060-8799-4119-8A7A-4F86A01C0C84}.Release|iPhone.ActiveCfg = Release|iPhone
		{101E3060-8799-4119-8A7A-4F86A01C0C84}.Release|iPhone.Build.0 = Release|iPhone
		{101E3060-8799-4119-8A7A-4F86A01C0C84}.Release|iPhoneSimulator.ActiveCfg = Release|iPhoneSimulator
		{101E3060-8799-4119-8A7A-4F86A01C0C84}.Release|iPhoneSimulator.Build.0 = Release|iPhoneSimulator
	EndGlobalSection
	GlobalSection(SolutionProperties) = preSolution
		HideSolutionNode = FALSE
	EndGlobalSection
	GlobalSection(ExtensibilityGlobals) = postSolution
		SolutionGuid = {5610AB15-AC4C-4F06-996F-C6A77E62AF5E}
	EndGlobalSection
EndGlobal
